
Microsoft Visual Studio Solution File, Format Version 12.00
# Visual Studio Version 17
VisualStudioVersion = 17.4.33103.184
MinimumVisualStudioVersion = 10.0.40219.1
Project("{FAE04EC0-301F-11D3-BF4B-00C04F79EFBC}") = "Cozmaciuc_Mihai_Lab1", "Cozmaciuc_Mihai_Lab1.csproj", "{981EDE44-F71A-4904-B03A-B7C1E7B7D9B6}"
EndProject
Global
	GlobalSection(SolutionConfigurationPlatforms) = preSolution
		Debug|Any CPU = Debug|Any CPU
		Release|Any CPU = Release|Any CPU
	EndGlobalSection
	GlobalSection(ProjectConfigurationPlatforms) = postSolution
		{981EDE44-F71A-4904-B03A-B7C1E7B7D9B6}.Debug|Any CPU.ActiveCfg = Debug|Any CPU
		{981EDE44-F71A-4904-B03A-B7C1E7B7D9B6}.Debug|Any CPU.Build.0 = Debug|Any CPU
		{981EDE44-F71A-4904-B03A-B7C1E7B7D9B6}.Release|Any CPU.ActiveCfg = Release|Any CPU
		{981EDE44-F71A-4904-B03A-B7C1E7B7D9B6}.Release|Any CPU.Build.0 = Release|Any CPU
	EndGlobalSection
	GlobalSection(SolutionProperties) = preSolution
		HideSolutionNode = FALSE
	EndGlobalSection
	GlobalSection(ExtensibilityGlobals) = postSolution
		SolutionGuid = {A7354391-6990-435E-AF23-FE6DD93692D8}
	EndGlobalSection
EndGlobal
